
Microsoft Visual Studio Solution File, Format Version 12.00
# Visual Studio Version 17
VisualStudioVersion = 17.0.31903.59
MinimumVisualStudioVersion = 10.0.40219.1
Project("{FAE04EC0-301F-11D3-BF4B-00C04F79EFBC}") = "Domain", "Domain\Domain.csproj", "{A1D29679-DB48-48DD-BD8A-43BC71027205}"
EndProject
Project("{FAE04EC0-301F-11D3-BF4B-00C04F79EFBC}") = "Infrastructure", "Infrastructure\Infrastructure.csproj", "{9844B8E3-E335-4210-8228-A407D6CB0AB8}"
EndProject
Project("{FAE04EC0-301F-11D3-BF4B-00C04F79EFBC}") = "WebApi", "WebApi\WebApi.csproj", "{33848497-D534-4170-8920-1F018F9ECCB1}"
EndProject
Global
	GlobalSection(SolutionConfigurationPlatforms) = preSolution
		Debug|Any CPU = Debug|Any CPU
		Release|Any CPU = Release|Any CPU
	EndGlobalSection
	GlobalSection(SolutionProperties) = preSolution
		HideSolutionNode = FALSE
	EndGlobalSection
	GlobalSection(ProjectConfigurationPlatforms) = postSolution
		{A1D29679-DB48-48DD-BD8A-43BC71027205}.Debug|Any CPU.ActiveCfg = Debug|Any CPU
		{A1D29679-DB48-48DD-BD8A-43BC71027205}.Debug|Any CPU.Build.0 = Debug|Any CPU
		{A1D29679-DB48-48DD-BD8A-43BC71027205}.Release|Any CPU.ActiveCfg = Release|Any CPU
		{A1D29679-DB48-48DD-BD8A-43BC71027205}.Release|Any CPU.Build.0 = Release|Any CPU
		{9844B8E3-E335-4210-8228-A407D6CB0AB8}.Debug|Any CPU.ActiveCfg = Debug|Any CPU
		{9844B8E3-E335-4210-8228-A407D6CB0AB8}.Debug|Any CPU.Build.0 = Debug|Any CPU
		{9844B8E3-E335-4210-8228-A407D6CB0AB8}.Release|Any CPU.ActiveCfg = Release|Any CPU
		{9844B8E3-E335-4210-8228-A407D6CB0AB8}.Release|Any CPU.Build.0 = Release|Any CPU
		{33848497-D534-4170-8920-1F018F9ECCB1}.Debug|Any CPU.ActiveCfg = Debug|Any CPU
		{33848497-D534-4170-8920-1F018F9ECCB1}.Debug|Any CPU.Build.0 = Debug|Any CPU
		{33848497-D534-4170-8920-1F018F9ECCB1}.Release|Any CPU.ActiveCfg = Release|Any CPU
		{33848497-D534-4170-8920-1F018F9ECCB1}.Release|Any CPU.Build.0 = Release|Any CPU
	EndGlobalSection
EndGlobal
